
Microsoft Visual Studio Solution File, Format Version 12.00
# Visual Studio 14
VisualStudioVersion = 14.0.25420.1
MinimumVisualStudioVersion = 10.0.40219.1
Project("{FAE04EC0-301F-11D3-BF4B-00C04F79EFBC}") = "uprove_uprovecommunicationissuing_tests", "uprove_uprovecommunicationissuing_tests\uprove_uprovecommunicationissuing_tests.csproj", "{4AC13834-94E5-40BA-BA8A-35E000F24719}"
EndProject
Project("{FAE04EC0-301F-11D3-BF4B-00C04F79EFBC}") = "uprove_uprovecommunicationissuing", "uprove_uprovecommunicationissuing\uprove_uprovecommunicationissuing.csproj", "{651857F0-0E9D-479E-99C4-A6BF6C0693EF}"
EndProject
Global
	GlobalSection(SolutionConfigurationPlatforms) = preSolution
		Debug|Any CPU = Debug|Any CPU
		Release|Any CPU = Release|Any CPU
	EndGlobalSection
	GlobalSection(ProjectConfigurationPlatforms) = postSolution
		{4AC13834-94E5-40BA-BA8A-35E000F24719}.Debug|Any CPU.ActiveCfg = Debug|Any CPU
		{4AC13834-94E5-40BA-BA8A-35E000F24719}.Debug|Any CPU.Build.0 = Debug|Any CPU
		{4AC13834-94E5-40BA-BA8A-35E000F24719}.Release|Any CPU.ActiveCfg = Release|Any CPU
		{4AC13834-94E5-40BA-BA8A-35E000F24719}.Release|Any CPU.Build.0 = Release|Any CPU
		{651857F0-0E9D-479E-99C4-A6BF6C0693EF}.Debug|Any CPU.ActiveCfg = Debug|Any CPU
		{651857F0-0E9D-479E-99C4-A6BF6C0693EF}.Debug|Any CPU.Build.0 = Debug|Any CPU
		{651857F0-0E9D-479E-99C4-A6BF6C0693EF}.Release|Any CPU.ActiveCfg = Release|Any CPU
		{651857F0-0E9D-479E-99C4-A6BF6C0693EF}.Release|Any CPU.Build.0 = Release|Any CPU
	EndGlobalSection
	GlobalSection(SolutionProperties) = preSolution
		HideSolutionNode = FALSE
	EndGlobalSection
EndGlobal
